// !$*UTF8*$!
{
	archiveVersion = 1;
	classes = {
	};
	objectVersion = 56;
	objects = {

/* Begin PBXBuildFile section */
		380F4B342B5DFEFD00BF30CD /* FirebaseAuth in Frameworks */ = {isa = PBXBuildFile; productRef = 380F4B332B5DFEFD00BF30CD /* FirebaseAuth */; };
		380F4B402B5DFEFD00BF30CD /* FirebaseFirestore in Frameworks */ = {isa = PBXBuildFile; productRef = 380F4B3F2B5DFEFD00BF30CD /* FirebaseFirestore */; };
		380F4B442B5DFEFD00BF30CD /* FirebaseFirestoreSwift in Frameworks */ = {isa = PBXBuildFile; productRef = 380F4B432B5DFEFD00BF30CD /* FirebaseFirestoreSwift */; };
		380F4B542B5E02B700BF30CD /* AuthViewModel.swift in Sources */ = {isa = PBXBuildFile; fileRef = 380F4B532B5E02B700BF30CD /* AuthViewModel.swift */; };
		388CC9F22B2EA5A300CC8F62 /* UserAuthApp.swift in Sources */ = {isa = PBXBuildFile; fileRef = 388CC9F12B2EA5A300CC8F62 /* UserAuthApp.swift */; };
		388CC9F42B2EA5A300CC8F62 /* ContentView.swift in Sources */ = {isa = PBXBuildFile; fileRef = 388CC9F32B2EA5A300CC8F62 /* ContentView.swift */; };
		388CC9F62B2EA5A300CC8F62 /* Assets.xcassets in Resources */ = {isa = PBXBuildFile; fileRef = 388CC9F52B2EA5A300CC8F62 /* Assets.xcassets */; };
		388CC9F92B2EA5A300CC8F62 /* Preview Assets.xcassets in Resources */ = {isa = PBXBuildFile; fileRef = 388CC9F82B2EA5A300CC8F62 /* Preview Assets.xcassets */; };
		388CCA082B2EA7F700CC8F62 /* LoginView.swift in Sources */ = {isa = PBXBuildFile; fileRef = 388CCA072B2EA7F700CC8F62 /* LoginView.swift */; };
		388CCA0A2B2EAD1D00CC8F62 /* InputView.swift in Sources */ = {isa = PBXBuildFile; fileRef = 388CCA092B2EAD1D00CC8F62 /* InputView.swift */; };
		388CCA0C2B3605DD00CC8F62 /* RegistrationView.swift in Sources */ = {isa = PBXBuildFile; fileRef = 388CCA0B2B3605DD00CC8F62 /* RegistrationView.swift */; };
		388CCA0E2B5C853F00CC8F62 /* ProfileView.swift in Sources */ = {isa = PBXBuildFile; fileRef = 388CCA0D2B5C853F00CC8F62 /* ProfileView.swift */; };
		388CCA102B5CA29C00CC8F62 /* SettingsRowView.swift in Sources */ = {isa = PBXBuildFile; fileRef = 388CCA0F2B5CA29C00CC8F62 /* SettingsRowView.swift */; };
		388CCA122B5CDE4E00CC8F62 /* User.swift in Sources */ = {isa = PBXBuildFile; fileRef = 388CCA112B5CDE4E00CC8F62 /* User.swift */; };
		388CCA142B5DFA9100CC8F62 /* GoogleService-Info.plist in Resources */ = {isa = PBXBuildFile; fileRef = 388CCA132B5DFA9100CC8F62 /* GoogleService-Info.plist */; };
/* End PBXBuildFile section */

/* Begin PBXFileReference section */
		380F4B532B5E02B700BF30CD /* AuthViewModel.swift */ = {isa = PBXFileReference; lastKnownFileType = sourcecode.swift; path = AuthViewModel.swift; sourceTree = "<group>"; };
		388CC9EE2B2EA5A300CC8F62 /* UserAuth.app */ = {isa = PBXFileReference; explicitFileType = wrapper.application; includeInIndex = 0; path = UserAuth.app; sourceTree = BUILT_PRODUCTS_DIR; };
		388CC9F12B2EA5A300CC8F62 /* UserAuthApp.swift */ = {isa = PBXFileReference; lastKnownFileType = sourcecode.swift; path = UserAuthApp.swift; sourceTree = "<group>"; };
		388CC9F32B2EA5A300CC8F62 /* ContentView.swift */ = {isa = PBXFileReference; lastKnownFileType = sourcecode.swift; path = ContentView.swift; sourceTree = "<group>"; };
		388CC9F52B2EA5A300CC8F62 /* Assets.xcassets */ = {isa = PBXFileReference; lastKnownFileType = folder.assetcatalog; path = Assets.xcassets; sourceTree = "<group>"; };
		388CC9F82B2EA5A300CC8F62 /* Preview Assets.xcassets */ = {isa = PBXFileReference; lastKnownFileType = folder.assetcatalog; path = "Preview Assets.xcassets"; sourceTree = "<group>"; };
		388CCA072B2EA7F700CC8F62 /* LoginView.swift */ = {isa = PBXFileReference; lastKnownFileType = sourcecode.swift; path = LoginView.swift; sourceTree = "<group>"; };
		388CCA092B2EAD1D00CC8F62 /* InputView.swift */ = {isa = PBXFileReference; lastKnownFileType = sourcecode.swift; path = InputView.swift; sourceTree = "<group>"; };
		388CCA0B2B3605DD00CC8F62 /* RegistrationView.swift */ = {isa = PBXFileReference; lastKnownFileType = sourcecode.swift; path = RegistrationView.swift; sourceTree = "<group>"; };
		388CCA0D2B5C853F00CC8F62 /* ProfileView.swift */ = {isa = PBXFileReference; lastKnownFileType = sourcecode.swift; path = ProfileView.swift; sourceTree = "<group>"; };
		388CCA0F2B5CA29C00CC8F62 /* SettingsRowView.swift */ = {isa = PBXFileReference; lastKnownFileType = sourcecode.swift; path = SettingsRowView.swift; sourceTree = "<group>"; };
		388CCA112B5CDE4E00CC8F62 /* User.swift */ = {isa = PBXFileReference; lastKnownFileType = sourcecode.swift; path = User.swift; sourceTree = "<group>"; };
		388CCA132B5DFA9100CC8F62 /* GoogleService-Info.plist */ = {isa = PBXFileReference; lastKnownFileType = text.plist; path = "GoogleService-Info.plist"; sourceTree = SOURCE_ROOT; };
/* End PBXFileReference section */

/* Begin PBXFrameworksBuildPhase section */
		388CC9EB2B2EA5A300CC8F62 /* Frameworks */ = {
			isa = PBXFrameworksBuildPhase;
			buildActionMask = 2147483647;
			files = (
				380F4B402B5DFEFD00BF30CD /* FirebaseFirestore in Frameworks */,
				380F4B442B5DFEFD00BF30CD /* FirebaseFirestoreSwift in Frameworks */,
				380F4B342B5DFEFD00BF30CD /* FirebaseAuth in Frameworks */,
			);
			runOnlyForDeploymentPostprocessing = 0;
		};
/* End PBXFrameworksBuildPhase section */

/* Begin PBXGroup section */
		380F4B512B5E024100BF30CD /* View */ = {
			isa = PBXGroup;
			children = (
				388CCA072B2EA7F700CC8F62 /* LoginView.swift */,
				388CCA0B2B3605DD00CC8F62 /* RegistrationView.swift */,
			);
			path = View;
			sourceTree = "<group>";
		};
		380F4B522B5E025A00BF30CD /* ViewModel */ = {
			isa = PBXGroup;
			children = (
				380F4B532B5E02B700BF30CD /* AuthViewModel.swift */,
			);
			path = ViewModel;
			sourceTree = "<group>";
		};
		388CC9E52B2EA5A300CC8F62 = {
			isa = PBXGroup;
			children = (
				388CC9F02B2EA5A300CC8F62 /* UserAuth */,
				388CC9EF2B2EA5A300CC8F62 /* Products */,
			);
			sourceTree = "<group>";
		};
		388CC9EF2B2EA5A300CC8F62 /* Products */ = {
			isa = PBXGroup;
			children = (
				388CC9EE2B2EA5A300CC8F62 /* UserAuth.app */,
			);
			name = Products;
			sourceTree = "<group>";
		};
		388CC9F02B2EA5A300CC8F62 /* UserAuth */ = {
			isa = PBXGroup;
			children = (
				388CCA032B2EA5E600CC8F62 /* App */,
				388CCA022B2EA5E400CC8F62 /* Components */,
				388CCA012B2EA5E100CC8F62 /* Core */,
				388CCA002B2EA5D600CC8F62 /* Model */,
				388CC9FF2B2EA5D100CC8F62 /* New Group */,
				388CC9F52B2EA5A300CC8F62 /* Assets.xcassets */,
				388CCA132B5DFA9100CC8F62 /* GoogleService-Info.plist */,
				388CC9F72B2EA5A300CC8F62 /* Preview Content */,
			);
			path = UserAuth;
			sourceTree = "<group>";
		};
		388CC9F72B2EA5A300CC8F62 /* Preview Content */ = {
			isa = PBXGroup;
			children = (
				388CC9F82B2EA5A300CC8F62 /* Preview Assets.xcassets */,
			);
			path = "Preview Content";
			sourceTree = "<group>";
		};
		388CC9FF2B2EA5D100CC8F62 /* New Group */ = {
			isa = PBXGroup;
			children = (
			);
			path = "New Group";
			sourceTree = "<group>";
		};
		388CCA002B2EA5D600CC8F62 /* Model */ = {
			isa = PBXGroup;
			children = (
				388CCA112B5CDE4E00CC8F62 /* User.swift */,
			);
			path = Model;
			sourceTree = "<group>";
		};
		388CCA012B2EA5E100CC8F62 /* Core */ = {
			isa = PBXGroup;
			children = (
				388CCA052B2EA72C00CC8F62 /* Authentication */,
				388CCA062B2EA73300CC8F62 /* Profile */,
				388CCA042B2EA6F100CC8F62 /* Root */,
			);
			path = Core;
			sourceTree = "<group>";
		};
		388CCA022B2EA5E400CC8F62 /* Components */ = {
			isa = PBXGroup;
			children = (
				388CCA092B2EAD1D00CC8F62 /* InputView.swift */,
				388CCA0F2B5CA29C00CC8F62 /* SettingsRowView.swift */,
			);
			path = Components;
			sourceTree = "<group>";
		};
		388CCA032B2EA5E600CC8F62 /* App */ = {
			isa = PBXGroup;
			children = (
				388CC9F12B2EA5A300CC8F62 /* UserAuthApp.swift */,
			);
			path = App;
			sourceTree = "<group>";
		};
		388CCA042B2EA6F100CC8F62 /* Root */ = {
			isa = PBXGroup;
			children = (
				388CC9F32B2EA5A300CC8F62 /* ContentView.swift */,
			);
			path = Root;
			sourceTree = "<group>";
		};
		388CCA052B2EA72C00CC8F62 /* Authentication */ = {
			isa = PBXGroup;
			children = (
				380F4B512B5E024100BF30CD /* View */,
				380F4B522B5E025A00BF30CD /* ViewModel */,
			);
			path = Authentication;
			sourceTree = "<group>";
		};
		388CCA062B2EA73300CC8F62 /* Profile */ = {
			isa = PBXGroup;
			children = (
				388CCA0D2B5C853F00CC8F62 /* ProfileView.swift */,
			);
			path = Profile;
			sourceTree = "<group>";
		};
/* End PBXGroup section */

/* Begin PBXNativeTarget section */
		388CC9ED2B2EA5A300CC8F62 /* UserAuth */ = {
			isa = PBXNativeTarget;
			buildConfigurationList = 388CC9FC2B2EA5A300CC8F62 /* Build configuration list for PBXNativeTarget "UserAuth" */;
			buildPhases = (
				388CC9EA2B2EA5A300CC8F62 /* Sources */,
				388CC9EB2B2EA5A300CC8F62 /* Frameworks */,
				388CC9EC2B2EA5A300CC8F62 /* Resources */,
			);
			buildRules = (
			);
			dependencies = (
			);
			name = UserAuth;
			packageProductDependencies = (
				380F4B332B5DFEFD00BF30CD /* FirebaseAuth */,
				380F4B3F2B5DFEFD00BF30CD /* FirebaseFirestore */,
				380F4B432B5DFEFD00BF30CD /* FirebaseFirestoreSwift */,
			);
			productName = UserAuth;
			productReference = 388CC9EE2B2EA5A300CC8F62 /* UserAuth.app */;
			productType = "com.apple.product-type.application";
		};
/* End PBXNativeTarget section */

/* Begin PBXProject section */
		388CC9E62B2EA5A300CC8F62 /* Project object */ = {
			isa = PBXProject;
			attributes = {
				BuildIndependentTargetsInParallel = 1;
				LastSwiftUpdateCheck = 1510;
				LastUpgradeCheck = 1510;
				TargetAttributes = {
					388CC9ED2B2EA5A300CC8F62 = {
						CreatedOnToolsVersion = 15.1;
					};
				};
			};
			buildConfigurationList = 388CC9E92B2EA5A300CC8F62 /* Build configuration list for PBXProject "UserAuth" */;
			compatibilityVersion = "Xcode 14.0";
			developmentRegion = en;
			hasScannedForEncodings = 0;
			knownRegions = (
				en,
				Base,
			);
			mainGroup = 388CC9E52B2EA5A300CC8F62;
			packageReferences = (
				380F4B262B5DFEFD00BF30CD /* XCRemoteSwiftPackageReference "firebase-ios-sdk" */,
			);
			productRefGroup = 388CC9EF2B2EA5A300CC8F62 /* Products */;
			projectDirPath = "";
			projectRoot = "";
			targets = (
				388CC9ED2B2EA5A300CC8F62 /* UserAuth */,
			);
		};
/* End PBXProject section */

/* Begin PBXResourcesBuildPhase section */
		388CC9EC2B2EA5A300CC8F62 /* Resources */ = {
			isa = PBXResourcesBuildPhase;
			buildActionMask = 2147483647;
			files = (
				388CC9F92B2EA5A300CC8F62 /* Preview Assets.xcassets in Resources */,
				388CC9F62B2EA5A300CC8F62 /* Assets.xcassets in Resources */,
				388CCA142B5DFA9100CC8F62 /* GoogleService-Info.plist in Resources */,
			);
			runOnlyForDeploymentPostprocessing = 0;
		};
/* End PBXResourcesBuildPhase section */

/* Begin PBXSourcesBuildPhase section */
		388CC9EA2B2EA5A300CC8F62 /* Sources */ = {
			isa = PBXSourcesBuildPhase;
			buildActionMask = 2147483647;
			files = (
				388CCA082B2EA7F700CC8F62 /* LoginView.swift in Sources */,
				388CCA0A2B2EAD1D00CC8F62 /* InputView.swift in Sources */,
				388CC9F42B2EA5A300CC8F62 /* ContentView.swift in Sources */,
				388CC9F22B2EA5A300CC8F62 /* UserAuthApp.swift in Sources */,
				388CCA122B5CDE4E00CC8F62 /* User.swift in Sources */,
				388CCA0E2B5C853F00CC8F62 /* ProfileView.swift in Sources */,
				388CCA0C2B3605DD00CC8F62 /* RegistrationView.swift in Sources */,
				388CCA102B5CA29C00CC8F62 /* SettingsRowView.swift in Sources */,
				380F4B542B5E02B700BF30CD /* AuthViewModel.swift in Sources */,
			);
			runOnlyForDeploymentPostprocessing = 0;
		};
/* End PBXSourcesBuildPhase section */

/* Begin XCBuildConfiguration section */
		388CC9FA2B2EA5A300CC8F62 /* Debug */ = {
			isa = XCBuildConfiguration;
			buildSettings = {
				ALWAYS_SEARCH_USER_PATHS = NO;
				ASSETCATALOG_COMPILER_GENERATE_SWIFT_ASSET_SYMBOL_EXTENSIONS = YES;
				CLANG_ANALYZER_NONNULL = YES;
				CLANG_ANALYZER_NUMBER_OBJECT_CONVERSION = YES_AGGRESSIVE;
				CLANG_CXX_LANGUAGE_STANDARD = "gnu++20";
				CLANG_ENABLE_MODULES = YES;
				CLANG_ENABLE_OBJC_ARC = YES;
				CLANG_ENABLE_OBJC_WEAK = YES;
				CLANG_WARN_BLOCK_CAPTURE_AUTORELEASING = YES;
				CLANG_WARN_BOOL_CONVERSION = YES;
				CLANG_WARN_COMMA = YES;
				CLANG_WARN_CONSTANT_CONVERSION = YES;
				CLANG_WARN_DEPRECATED_OBJC_IMPLEMENTATIONS = YES;
				CLANG_WARN_DIRECT_OBJC_ISA_USAGE = YES_ERROR;
				CLANG_WARN_DOCUMENTATION_COMMENTS = YES;
				CLANG_WARN_EMPTY_BODY = YES;
				CLANG_WARN_ENUM_CONVERSION = YES;
				CLANG_WARN_INFINITE_RECURSION = YES;
				CLANG_WARN_INT_CONVERSION = YES;
				CLANG_WARN_NON_LITERAL_NULL_CONVERSION = YES;
				CLANG_WARN_OBJC_IMPLICIT_RETAIN_SELF = YES;
				CLANG_WARN_OBJC_LITERAL_CONVERSION = YES;
				CLANG_WARN_OBJC_ROOT_CLASS = YES_ERROR;
				CLANG_WARN_QUOTED_INCLUDE_IN_FRAMEWORK_HEADER = YES;
				CLANG_WARN_RANGE_LOOP_ANALYSIS = YES;
				CLANG_WARN_STRICT_PROTOTYPES = YES;
				CLANG_WARN_SUSPICIOUS_MOVE = YES;
				CLANG_WARN_UNGUARDED_AVAILABILITY = YES_AGGRESSIVE;
				CLANG_WARN_UNREACHABLE_CODE = YES;
				CLANG_WARN__DUPLICATE_METHOD_MATCH = YES;
				COPY_PHASE_STRIP = NO;
				DEBUG_INFORMATION_FORMAT = dwarf;
				ENABLE_STRICT_OBJC_MSGSEND = YES;
				ENABLE_TESTABILITY = YES;
				ENABLE_USER_SCRIPT_SANDBOXING = YES;
				GCC_C_LANGUAGE_STANDARD = gnu17;
				GCC_DYNAMIC_NO_PIC = NO;
				GCC_NO_COMMON_BLOCKS = YES;
				GCC_OPTIMIZATION_LEVEL = 0;
				GCC_PREPROCESSOR_DEFINITIONS = (
					"DEBUG=1",
					"$(inherited)",
				);
				GCC_WARN_64_TO_32_BIT_CONVERSION = YES;
				GCC_WARN_ABOUT_RETURN_TYPE = YES_ERROR;
				GCC_WARN_UNDECLARED_SELECTOR = YES;
				GCC_WARN_UNINITIALIZED_AUTOS = YES_AGGRESSIVE;
				GCC_WARN_UNUSED_FUNCTION = YES;
				GCC_WARN_UNUSED_VARIABLE = YES;
				IPHONEOS_DEPLOYMENT_TARGET = 17.2;
				LOCALIZATION_PREFERS_STRING_CATALOGS = YES;
				MTL_ENABLE_DEBUG_INFO = INCLUDE_SOURCE;
				MTL_FAST_MATH = YES;
				ONLY_ACTIVE_ARCH = YES;
				SDKROOT = iphoneos;
				SWIFT_ACTIVE_COMPILATION_CONDITIONS = "DEBUG $(inherited)";
				SWIFT_OPTIMIZATION_LEVEL = "-Onone";
			};
			name = Debug;
		};
		388CC9FB2B2EA5A300CC8F62 /* Release */ = {
			isa = XCBuildConfiguration;
			buildSettings = {
				ALWAYS_SEARCH_USER_PATHS = NO;
				ASSETCATALOG_COMPILER_GENERATE_SWIFT_ASSET_SYMBOL_EXTENSIONS = YES;
				CLANG_ANALYZER_NONNULL = YES;
				CLANG_ANALYZER_NUMBER_OBJECT_CONVERSION = YES_AGGRESSIVE;
				CLANG_CXX_LANGUAGE_STANDARD = "gnu++20";
				CLANG_ENABLE_MODULES = YES;
				CLANG_ENABLE_OBJC_ARC = YES;
				CLANG_ENABLE_OBJC_WEAK = YES;
				CLANG_WARN_BLOCK_CAPTURE_AUTORELEASING = YES;
				CLANG_WARN_BOOL_CONVERSION = YES;
				CLANG_WARN_COMMA = YES;
				CLANG_WARN_CONSTANT_CONVERSION = YES;
				CLANG_WARN_DEPRECATED_OBJC_IMPLEMENTATIONS = YES;
				CLANG_WARN_DIRECT_OBJC_ISA_USAGE = YES_ERROR;
				CLANG_WARN_DOCUMENTATION_COMMENTS = YES;
				CLANG_WARN_EMPTY_BODY = YES;
				CLANG_WARN_ENUM_CONVERSION = YES;
				CLANG_WARN_INFINITE_RECURSION = YES;
				CLANG_WARN_INT_CONVERSION = YES;
				CLANG_WARN_NON_LITERAL_NULL_CONVERSION = YES;
				CLANG_WARN_OBJC_IMPLICIT_RETAIN_SELF = YES;
				CLANG_WARN_OBJC_LITERAL_CONVERSION = YES;
				CLANG_WARN_OBJC_ROOT_CLASS = YES_ERROR;
				CLANG_WARN_QUOTED_INCLUDE_IN_FRAMEWORK_HEADER = YES;
				CLANG_WARN_RANGE_LOOP_ANALYSIS = YES;
				CLANG_WARN_STRICT_PROTOTYPES = YES;
				CLANG_WARN_SUSPICIOUS_MOVE = YES;
				CLANG_WARN_UNGUARDED_AVAILABILITY = YES_AGGRESSIVE;
				CLANG_WARN_UNREACHABLE_CODE = YES;
				CLANG_WARN__DUPLICATE_METHOD_MATCH = YES;
				COPY_PHASE_STRIP = NO;
				DEBUG_INFORMATION_FORMAT = "dwarf-with-dsym";
				ENABLE_NS_ASSERTIONS = NO;
				ENABLE_STRICT_OBJC_MSGSEND = YES;
				ENABLE_USER_SCRIPT_SANDBOXING = YES;
				GCC_C_LANGUAGE_STANDARD = gnu17;
				GCC_NO_COMMON_BLOCKS = YES;
				GCC_WARN_64_TO_32_BIT_CONVERSION = YES;
				GCC_WARN_ABOUT_RETURN_TYPE = YES_ERROR;
				GCC_WARN_UNDECLARED_SELECTOR = YES;
				GCC_WARN_UNINITIALIZED_AUTOS = YES_AGGRESSIVE;
				GCC_WARN_UNUSED_FUNCTION = YES;
				GCC_WARN_UNUSED_VARIABLE = YES;
				IPHONEOS_DEPLOYMENT_TARGET = 17.2;
				LOCALIZATION_PREFERS_STRING_CATALOGS = YES;
				MTL_ENABLE_DEBUG_INFO = NO;
				MTL_FAST_MATH = YES;
				SDKROOT = iphoneos;
				SWIFT_COMPILATION_MODE = wholemodule;
				VALIDATE_PRODUCT = YES;
			};
			name = Release;
		};
		388CC9FD2B2EA5A300CC8F62 /* Debug */ = {
			isa = XCBuildConfiguration;
			buildSettings = {
				ASSETCATALOG_COMPILER_APPICON_NAME = AppIcon;
				ASSETCATALOG_COMPILER_GLOBAL_ACCENT_COLOR_NAME = AccentColor;
				CODE_SIGN_STYLE = Automatic;
				CURRENT_PROJECT_VERSION = 1;
				DEVELOPMENT_ASSET_PATHS = "\"UserAuth/Preview Content\"";
				ENABLE_PREVIEWS = YES;
				GENERATE_INFOPLIST_FILE = YES;
				INFOPLIST_KEY_UIApplicationSceneManifest_Generation = YES;
				INFOPLIST_KEY_UIApplicationSupportsIndirectInputEvents = YES;
				INFOPLIST_KEY_UILaunchScreen_Generation = YES;
				INFOPLIST_KEY_UISupportedInterfaceOrientations_iPad = "UIInterfaceOrientationPortrait UIInterfaceOrientationPortraitUpsideDown UIInterfaceOrientationLandscapeLeft UIInterfaceOrientationLandscapeRight";
				INFOPLIST_KEY_UISupportedInterfaceOrientations_iPhone = "UIInterfaceOrientationPortrait UIInterfaceOrientationLandscapeLeft UIInterfaceOrientationLandscapeRight";
				LD_RUNPATH_SEARCH_PATHS = (
					"$(inherited)",
					"@executable_path/Frameworks",
				);
				MARKETING_VERSION = 1.0;
				PRODUCT_BUNDLE_IDENTIFIER = com.alfredo.UserAuth;
				PRODUCT_NAME = "$(TARGET_NAME)";
				SWIFT_EMIT_LOC_STRINGS = YES;
				SWIFT_VERSION = 5.0;
				TARGETED_DEVICE_FAMILY = "1,2";
			};
			name = Debug;
		};
		388CC9FE2B2EA5A300CC8F62 /* Release */ = {
			isa = XCBuildConfiguration;
			buildSettings = {
				ASSETCATALOG_COMPILER_APPICON_NAME = AppIcon;
				ASSETCATALOG_COMPILER_GLOBAL_ACCENT_COLOR_NAME = AccentColor;
				CODE_SIGN_STYLE = Automatic;
				CURRENT_PROJECT_VERSION = 1;
				DEVELOPMENT_ASSET_PATHS = "\"UserAuth/Preview Content\"";
				ENABLE_PREVIEWS = YES;
				GENERATE_INFOPLIST_FILE = YES;
				INFOPLIST_KEY_UIApplicationSceneManifest_Generation = YES;
				INFOPLIST_KEY_UIApplicationSupportsIndirectInputEvents = YES;
				INFOPLIST_KEY_UILaunchScreen_Generation = YES;
				INFOPLIST_KEY_UISupportedInterfaceOrientations_iPad = "UIInterfaceOrientationPortrait UIInterfaceOrientationPortraitUpsideDown UIInterfaceOrientationLandscapeLeft UIInterfaceOrientationLandscapeRight";
				INFOPLIST_KEY_UISupportedInterfaceOrientations_iPhone = "UIInterfaceOrientationPortrait UIInterfaceOrientationLandscapeLeft UIInterfaceOrientationLandscapeRight";
				LD_RUNPATH_SEARCH_PATHS = (
					"$(inherited)",
					"@executable_path/Frameworks",
				);
				MARKETING_VERSION = 1.0;
				PRODUCT_BUNDLE_IDENTIFIER = com.alfredo.UserAuth;
				PRODUCT_NAME = "$(TARGET_NAME)";
				SWIFT_EMIT_LOC_STRINGS = YES;
				SWIFT_VERSION = 5.0;
				TARGETED_DEVICE_FAMILY = "1,2";
			};
			name = Release;
		};
/* End XCBuildConfiguration section */

/* Begin XCConfigurationList section */
		388CC9E92B2EA5A300CC8F62 /* Build configuration list for PBXProject "UserAuth" */ = {
			isa = XCConfigurationList;
			buildConfigurations = (
				388CC9FA2B2EA5A300CC8F62 /* Debug */,
				388CC9FB2B2EA5A300CC8F62 /* Release */,
			);
			defaultConfigurationIsVisible = 0;
			defaultConfigurationName = Release;
		};
		388CC9FC2B2EA5A300CC8F62 /* Build configuration list for PBXNativeTarget "UserAuth" */ = {
			isa = XCConfigurationList;
			buildConfigurations = (
				388CC9FD2B2EA5A300CC8F62 /* Debug */,
				388CC9FE2B2EA5A300CC8F62 /* Release */,
			);
			defaultConfigurationIsVisible = 0;
			defaultConfigurationName = Release;
		};
/* End XCConfigurationList section */

/* Begin XCRemoteSwiftPackageReference section */
		380F4B262B5DFEFD00BF30CD /* XCRemoteSwiftPackageReference "firebase-ios-sdk" */ = {
			isa = XCRemoteSwiftPackageReference;
			repositoryURL = "https://github.com/firebase/firebase-ios-sdk";
			requirement = {
				kind = upToNextMajorVersion;
				minimumVersion = 10.20.0;
			};
		};
/* End XCRemoteSwiftPackageReference section */

/* Begin XCSwiftPackageProductDependency section */
		380F4B332B5DFEFD00BF30CD /* FirebaseAuth */ = {
			isa = XCSwiftPackageProductDependency;
			package = 380F4B262B5DFEFD00BF30CD /* XCRemoteSwiftPackageReference "firebase-ios-sdk" */;
			productName = FirebaseAuth;
		};
		380F4B3F2B5DFEFD00BF30CD /* FirebaseFirestore */ = {
			isa = XCSwiftPackageProductDependency;
			package = 380F4B262B5DFEFD00BF30CD /* XCRemoteSwiftPackageReference "firebase-ios-sdk" */;
			productName = FirebaseFirestore;
		};
		380F4B432B5DFEFD00BF30CD /* FirebaseFirestoreSwift */ = {
			isa = XCSwiftPackageProductDependency;
			package = 380F4B262B5DFEFD00BF30CD /* XCRemoteSwiftPackageReference "firebase-ios-sdk" */;
			productName = FirebaseFirestoreSwift;
		};
/* End XCSwiftPackageProductDependency section */
	};
	rootObject = 388CC9E62B2EA5A300CC8F62 /* Project object */;
}
